// !$*UTF8*$!
{
	archiveVersion = 1;
	classes = {
	};
	objectVersion = 46;
	objects = {

/* Begin PBXBuildFile section */
		DDC4FD9D126ACBE465AC37B3 /* libPods-TheMenuProject.a in Frameworks */ = {isa = PBXBuildFile; fileRef = 609162A16EF57068659F54C7 /* libPods-TheMenuProject.a */; };
		ED7381D21D3F995D00BE51BA /* main.m in Sources */ = {isa = PBXBuildFile; fileRef = ED7381D11D3F995D00BE51BA /* main.m */; };
		ED7381D51D3F995D00BE51BA /* AppDelegate.m in Sources */ = {isa = PBXBuildFile; fileRef = ED7381D41D3F995D00BE51BA /* AppDelegate.m */; };
		ED7381D81D3F995D00BE51BA /* FirstViewController.m in Sources */ = {isa = PBXBuildFile; fileRef = ED7381D71D3F995D00BE51BA /* FirstViewController.m */; };
		ED7381DB1D3F995D00BE51BA /* SecondViewController.m in Sources */ = {isa = PBXBuildFile; fileRef = ED7381DA1D3F995D00BE51BA /* SecondViewController.m */; };
		ED7381DE1D3F995D00BE51BA /* Main.storyboard in Resources */ = {isa = PBXBuildFile; fileRef = ED7381DC1D3F995D00BE51BA /* Main.storyboard */; };
		ED7381E01D3F995D00BE51BA /* Assets.xcassets in Resources */ = {isa = PBXBuildFile; fileRef = ED7381DF1D3F995D00BE51BA /* Assets.xcassets */; };
		ED7381E31D3F995D00BE51BA /* LaunchScreen.storyboard in Resources */ = {isa = PBXBuildFile; fileRef = ED7381E11D3F995D00BE51BA /* LaunchScreen.storyboard */; };
		ED7381EB1D3F9A6600BE51BA /* GoogleService-Info.plist in Resources */ = {isa = PBXBuildFile; fileRef = ED7381EA1D3F9A6600BE51BA /* GoogleService-Info.plist */; };
		ED7381ED1D3F9C7E00BE51BA /* RemoteConfigDefaults.plist in Resources */ = {isa = PBXBuildFile; fileRef = ED7381EC1D3F9C7E00BE51BA /* RemoteConfigDefaults.plist */; };
		ED7381F01D3F9FD600BE51BA /* TMPColor.m in Sources */ = {isa = PBXBuildFile; fileRef = ED7381EF1D3F9FD600BE51BA /* TMPColor.m */; };
		ED7381F31D3FB0C800BE51BA /* TMPImagePickerController.m in Sources */ = {isa = PBXBuildFile; fileRef = ED7381F21D3FB0C800BE51BA /* TMPImagePickerController.m */; };
		ED7381F61D3FB18400BE51BA /* TMPImagePickerCollectionViewCell.m in Sources */ = {isa = PBXBuildFile; fileRef = ED7381F51D3FB18400BE51BA /* TMPImagePickerCollectionViewCell.m */; };
		ED7381FB1D3FB56000BE51BA /* NSIndexSet+Convenience.m in Sources */ = {isa = PBXBuildFile; fileRef = ED7381F81D3FB56000BE51BA /* NSIndexSet+Convenience.m */; };
		ED7381FC1D3FB56000BE51BA /* UICollectionView+Convenience.m in Sources */ = {isa = PBXBuildFile; fileRef = ED7381FA1D3FB56000BE51BA /* UICollectionView+Convenience.m */; };
/* End PBXBuildFile section */

/* Begin PBXFileReference section */
		13FD6A15597CDA5BB48C7EF7 /* Pods-TheMenuProject.release.xcconfig */ = {isa = PBXFileReference; includeInIndex = 1; lastKnownFileType = text.xcconfig; name = "Pods-TheMenuProject.release.xcconfig"; path = "Pods/Target Support Files/Pods-TheMenuProject/Pods-TheMenuProject.release.xcconfig"; sourceTree = "<group>"; };
		19DA869EF0E3F15E7716875A /* Pods-TheMenuProject.debug.xcconfig */ = {isa = PBXFileReference; includeInIndex = 1; lastKnownFileType = text.xcconfig; name = "Pods-TheMenuProject.debug.xcconfig"; path = "Pods/Target Support Files/Pods-TheMenuProject/Pods-TheMenuProject.debug.xcconfig"; sourceTree = "<group>"; };
		609162A16EF57068659F54C7 /* libPods-TheMenuProject.a */ = {isa = PBXFileReference; explicitFileType = archive.ar; includeInIndex = 0; path = "libPods-TheMenuProject.a"; sourceTree = BUILT_PRODUCTS_DIR; };
		ED7381CD1D3F995D00BE51BA /* TheMenuProject.app */ = {isa = PBXFileReference; explicitFileType = wrapper.application; includeInIndex = 0; path = TheMenuProject.app; sourceTree = BUILT_PRODUCTS_DIR; };
		ED7381D11D3F995D00BE51BA /* main.m */ = {isa = PBXFileReference; lastKnownFileType = sourcecode.c.objc; path = main.m; sourceTree = "<group>"; };
		ED7381D31D3F995D00BE51BA /* AppDelegate.h */ = {isa = PBXFileReference; lastKnownFileType = sourcecode.c.h; path = AppDelegate.h; sourceTree = "<group>"; };
		ED7381D41D3F995D00BE51BA /* AppDelegate.m */ = {isa = PBXFileReference; lastKnownFileType = sourcecode.c.objc; path = AppDelegate.m; sourceTree = "<group>"; };
		ED7381D61D3F995D00BE51BA /* FirstViewController.h */ = {isa = PBXFileReference; lastKnownFileType = sourcecode.c.h; path = FirstViewController.h; sourceTree = "<group>"; };
		ED7381D71D3F995D00BE51BA /* FirstViewController.m */ = {isa = PBXFileReference; lastKnownFileType = sourcecode.c.objc; path = FirstViewController.m; sourceTree = "<group>"; };
		ED7381D91D3F995D00BE51BA /* SecondViewController.h */ = {isa = PBXFileReference; lastKnownFileType = sourcecode.c.h; path = SecondViewController.h; sourceTree = "<group>"; };
		ED7381DA1D3F995D00BE51BA /* SecondViewController.m */ = {isa = PBXFileReference; lastKnownFileType = sourcecode.c.objc; path = SecondViewController.m; sourceTree = "<group>"; };
		ED7381DD1D3F995D00BE51BA /* Base */ = {isa = PBXFileReference; lastKnownFileType = file.storyboard; name = Base; path = Base.lproj/Main.storyboard; sourceTree = "<group>"; };
		ED7381DF1D3F995D00BE51BA /* Assets.xcassets */ = {isa = PBXFileReference; lastKnownFileType = folder.assetcatalog; path = Assets.xcassets; sourceTree = "<group>"; };
		ED7381E21D3F995D00BE51BA /* Base */ = {isa = PBXFileReference; lastKnownFileType = file.storyboard; name = Base; path = Base.lproj/LaunchScreen.storyboard; sourceTree = "<group>"; };
		ED7381E41D3F995D00BE51BA /* Info.plist */ = {isa = PBXFileReference; lastKnownFileType = text.plist.xml; path = Info.plist; sourceTree = "<group>"; };
		ED7381EA1D3F9A6600BE51BA /* GoogleService-Info.plist */ = {isa = PBXFileReference; fileEncoding = 4; lastKnownFileType = text.plist.xml; path = "GoogleService-Info.plist"; sourceTree = "<group>"; };
		ED7381EC1D3F9C7E00BE51BA /* RemoteConfigDefaults.plist */ = {isa = PBXFileReference; fileEncoding = 4; lastKnownFileType = text.plist.xml; path = RemoteConfigDefaults.plist; sourceTree = "<group>"; };
		ED7381EE1D3F9FD600BE51BA /* TMPColor.h */ = {isa = PBXFileReference; fileEncoding = 4; lastKnownFileType = sourcecode.c.h; path = TMPColor.h; sourceTree = "<group>"; };
		ED7381EF1D3F9FD600BE51BA /* TMPColor.m */ = {isa = PBXFileReference; fileEncoding = 4; lastKnownFileType = sourcecode.c.objc; path = TMPColor.m; sourceTree = "<group>"; };
		ED7381F11D3FB0C800BE51BA /* TMPImagePickerController.h */ = {isa = PBXFileReference; fileEncoding = 4; lastKnownFileType = sourcecode.c.h; path = TMPImagePickerController.h; sourceTree = "<group>"; };
		ED7381F21D3FB0C800BE51BA /* TMPImagePickerController.m */ = {isa = PBXFileReference; fileEncoding = 4; lastKnownFileType = sourcecode.c.objc; path = TMPImagePickerController.m; sourceTree = "<group>"; };
		ED7381F41D3FB18400BE51BA /* TMPImagePickerCollectionViewCell.h */ = {isa = PBXFileReference; fileEncoding = 4; lastKnownFileType = sourcecode.c.h; path = TMPImagePickerCollectionViewCell.h; sourceTree = "<group>"; };
		ED7381F51D3FB18400BE51BA /* TMPImagePickerCollectionViewCell.m */ = {isa = PBXFileReference; fileEncoding = 4; lastKnownFileType = sourcecode.c.objc; path = TMPImagePickerCollectionViewCell.m; sourceTree = "<group>"; };
		ED7381F71D3FB56000BE51BA /* NSIndexSet+Convenience.h */ = {isa = PBXFileReference; fileEncoding = 4; lastKnownFileType = sourcecode.c.h; path = "NSIndexSet+Convenience.h"; sourceTree = "<group>"; };
		ED7381F81D3FB56000BE51BA /* NSIndexSet+Convenience.m */ = {isa = PBXFileReference; fileEncoding = 4; lastKnownFileType = sourcecode.c.objc; path = "NSIndexSet+Convenience.m"; sourceTree = "<group>"; };
		ED7381F91D3FB56000BE51BA /* UICollectionView+Convenience.h */ = {isa = PBXFileReference; fileEncoding = 4; lastKnownFileType = sourcecode.c.h; path = "UICollectionView+Convenience.h"; sourceTree = "<group>"; };
		ED7381FA1D3FB56000BE51BA /* UICollectionView+Convenience.m */ = {isa = PBXFileReference; fileEncoding = 4; lastKnownFileType = sourcecode.c.objc; path = "UICollectionView+Convenience.m"; sourceTree = "<group>"; };
/* End PBXFileReference section */

/* Begin PBXFrameworksBuildPhase section */
		ED7381CA1D3F995D00BE51BA /* Frameworks */ = {
			isa = PBXFrameworksBuildPhase;
			buildActionMask = 2147483647;
			files = (
				DDC4FD9D126ACBE465AC37B3 /* libPods-TheMenuProject.a in Frameworks */,
			);
			runOnlyForDeploymentPostprocessing = 0;
		};
/* End PBXFrameworksBuildPhase section */

/* Begin PBXGroup section */
		4308727735CF4E59DABAA820 /* Frameworks */ = {
			isa = PBXGroup;
			children = (
				609162A16EF57068659F54C7 /* libPods-TheMenuProject.a */,
			);
			name = Frameworks;
			sourceTree = "<group>";
		};
		CCEDF26978187F6CED478D8F /* Pods */ = {
			isa = PBXGroup;
			children = (
				19DA869EF0E3F15E7716875A /* Pods-TheMenuProject.debug.xcconfig */,
				13FD6A15597CDA5BB48C7EF7 /* Pods-TheMenuProject.release.xcconfig */,
			);
			name = Pods;
			sourceTree = "<group>";
		};
		ED7381C41D3F995D00BE51BA = {
			isa = PBXGroup;
			children = (
				ED7381CF1D3F995D00BE51BA /* TheMenuProject */,
				ED7381CE1D3F995D00BE51BA /* Products */,
				CCEDF26978187F6CED478D8F /* Pods */,
				4308727735CF4E59DABAA820 /* Frameworks */,
			);
			sourceTree = "<group>";
		};
		ED7381CE1D3F995D00BE51BA /* Products */ = {
			isa = PBXGroup;
			children = (
				ED7381CD1D3F995D00BE51BA /* TheMenuProject.app */,
			);
			name = Products;
			sourceTree = "<group>";
		};
		ED7381CF1D3F995D00BE51BA /* TheMenuProject */ = {
			isa = PBXGroup;
			children = (
				ED7381D31D3F995D00BE51BA /* AppDelegate.h */,
				ED7381D41D3F995D00BE51BA /* AppDelegate.m */,
				ED7381D61D3F995D00BE51BA /* FirstViewController.h */,
				ED7381D71D3F995D00BE51BA /* FirstViewController.m */,
				ED7381F11D3FB0C800BE51BA /* TMPImagePickerController.h */,
				ED7381F21D3FB0C800BE51BA /* TMPImagePickerController.m */,
				ED7381F41D3FB18400BE51BA /* TMPImagePickerCollectionViewCell.h */,
				ED7381F51D3FB18400BE51BA /* TMPImagePickerCollectionViewCell.m */,
				ED7381F71D3FB56000BE51BA /* NSIndexSet+Convenience.h */,
				ED7381F81D3FB56000BE51BA /* NSIndexSet+Convenience.m */,
				ED7381F91D3FB56000BE51BA /* UICollectionView+Convenience.h */,
				ED7381FA1D3FB56000BE51BA /* UICollectionView+Convenience.m */,
				ED7381D91D3F995D00BE51BA /* SecondViewController.h */,
				ED7381DA1D3F995D00BE51BA /* SecondViewController.m */,
				ED7381EE1D3F9FD600BE51BA /* TMPColor.h */,
				ED7381EF1D3F9FD600BE51BA /* TMPColor.m */,
				ED7381DC1D3F995D00BE51BA /* Main.storyboard */,
				ED7381DF1D3F995D00BE51BA /* Assets.xcassets */,
				ED7381E11D3F995D00BE51BA /* LaunchScreen.storyboard */,
				ED7381E41D3F995D00BE51BA /* Info.plist */,
				ED7381EA1D3F9A6600BE51BA /* GoogleService-Info.plist */,
				ED7381EC1D3F9C7E00BE51BA /* RemoteConfigDefaults.plist */,
				ED7381D01D3F995D00BE51BA /* Supporting Files */,
			);
			path = TheMenuProject;
			sourceTree = "<group>";
		};
		ED7381D01D3F995D00BE51BA /* Supporting Files */ = {
			isa = PBXGroup;
			children = (
				ED7381D11D3F995D00BE51BA /* main.m */,
			);
			name = "Supporting Files";
			sourceTree = "<group>";
		};
/* End PBXGroup section */

/* Begin PBXNativeTarget section */
		ED7381CC1D3F995D00BE51BA /* TheMenuProject */ = {
			isa = PBXNativeTarget;
			buildConfigurationList = ED7381E71D3F995D00BE51BA /* Build configuration list for PBXNativeTarget "TheMenuProject" */;
			buildPhases = (
				8B900E5BEE8868987D79E7F5 /* [CP] Check Pods Manifest.lock */,
				ED7381C91D3F995D00BE51BA /* Sources */,
				ED7381CA1D3F995D00BE51BA /* Frameworks */,
				ED7381CB1D3F995D00BE51BA /* Resources */,
				39D41FB1169A1C08F94FE99D /* [CP] Embed Pods Frameworks */,
				8C73B9DBB08FA01CF616AAD7 /* [CP] Copy Pods Resources */,
			);
			buildRules = (
			);
			dependencies = (
			);
			name = TheMenuProject;
			productName = TheMenuProject;
			productReference = ED7381CD1D3F995D00BE51BA /* TheMenuProject.app */;
			productType = "com.apple.product-type.application";
		};
/* End PBXNativeTarget section */

/* Begin PBXProject section */
		ED7381C51D3F995D00BE51BA /* Project object */ = {
			isa = PBXProject;
			attributes = {
				CLASSPREFIX = TMP;
				LastUpgradeCheck = 0730;
				ORGANIZATIONNAME = ThePaadamCompany;
				TargetAttributes = {
					ED7381CC1D3F995D00BE51BA = {
						CreatedOnToolsVersion = 7.3;
					};
				};
			};
			buildConfigurationList = ED7381C81D3F995D00BE51BA /* Build configuration list for PBXProject "TheMenuProject" */;
			compatibilityVersion = "Xcode 3.2";
			developmentRegion = English;
			hasScannedForEncodings = 0;
			knownRegions = (
				en,
				Base,
			);
			mainGroup = ED7381C41D3F995D00BE51BA;
			productRefGroup = ED7381CE1D3F995D00BE51BA /* Products */;
			projectDirPath = "";
			projectRoot = "";
			targets = (
				ED7381CC1D3F995D00BE51BA /* TheMenuProject */,
			);
		};
/* End PBXProject section */

/* Begin PBXResourcesBuildPhase section */
		ED7381CB1D3F995D00BE51BA /* Resources */ = {
			isa = PBXResourcesBuildPhase;
			buildActionMask = 2147483647;
			files = (
				ED7381E31D3F995D00BE51BA /* LaunchScreen.storyboard in Resources */,
				ED7381ED1D3F9C7E00BE51BA /* RemoteConfigDefaults.plist in Resources */,
				ED7381EB1D3F9A6600BE51BA /* GoogleService-Info.plist in Resources */,
				ED7381E01D3F995D00BE51BA /* Assets.xcassets in Resources */,
				ED7381DE1D3F995D00BE51BA /* Main.storyboard in Resources */,
			);
			runOnlyForDeploymentPostprocessing = 0;
		};
/* End PBXResourcesBuildPhase section */

/* Begin PBXShellScriptBuildPhase section */
		39D41FB1169A1C08F94FE99D /* [CP] Embed Pods Frameworks */ = {
			isa = PBXShellScriptBuildPhase;
			buildActionMask = 2147483647;
			files = (
			);
			inputPaths = (
			);
			name = "[CP] Embed Pods Frameworks";
			outputPaths = (
			);
			runOnlyForDeploymentPostprocessing = 0;
			shellPath = /bin/sh;
			shellScript = "\"${SRCROOT}/Pods/Target Support Files/Pods-TheMenuProject/Pods-TheMenuProject-frameworks.sh\"\n";
			showEnvVarsInLog = 0;
		};
		8B900E5BEE8868987D79E7F5 /* [CP] Check Pods Manifest.lock */ = {
			isa = PBXShellScriptBuildPhase;
			buildActionMask = 2147483647;
			files = (
			);
			inputPaths = (
			);
			name = "[CP] Check Pods Manifest.lock";
			outputPaths = (
			);
			runOnlyForDeploymentPostprocessing = 0;
			shellPath = /bin/sh;
			shellScript = "diff \"${PODS_ROOT}/../Podfile.lock\" \"${PODS_ROOT}/Manifest.lock\" > /dev/null\nif [[ $? != 0 ]] ; then\n    cat << EOM\nerror: The sandbox is not in sync with the Podfile.lock. Run 'pod install' or update your CocoaPods installation.\nEOM\n    exit 1\nfi\n";
			showEnvVarsInLog = 0;
		};
		8C73B9DBB08FA01CF616AAD7 /* [CP] Copy Pods Resources */ = {
			isa = PBXShellScriptBuildPhase;
			buildActionMask = 2147483647;
			files = (
			);
			inputPaths = (
			);
			name = "[CP] Copy Pods Resources";
			outputPaths = (
			);
			runOnlyForDeploymentPostprocessing = 0;
			shellPath = /bin/sh;
			shellScript = "\"${SRCROOT}/Pods/Target Support Files/Pods-TheMenuProject/Pods-TheMenuProject-resources.sh\"\n";
			showEnvVarsInLog = 0;
		};
/* End PBXShellScriptBuildPhase section */

/* Begin PBXSourcesBuildPhase section */
		ED7381C91D3F995D00BE51BA /* Sources */ = {
			isa = PBXSourcesBuildPhase;
			buildActionMask = 2147483647;
			files = (
				ED7381FB1D3FB56000BE51BA /* NSIndexSet+Convenience.m in Sources */,
				ED7381DB1D3F995D00BE51BA /* SecondViewController.m in Sources */,
				ED7381D51D3F995D00BE51BA /* AppDelegate.m in Sources */,
				ED7381F01D3F9FD600BE51BA /* TMPColor.m in Sources */,
				ED7381D81D3F995D00BE51BA /* FirstViewController.m in Sources */,
				ED7381F61D3FB18400BE51BA /* TMPImagePickerCollectionViewCell.m in Sources */,
				ED7381D21D3F995D00BE51BA /* main.m in Sources */,
				ED7381FC1D3FB56000BE51BA /* UICollectionView+Convenience.m in Sources */,
				ED7381F31D3FB0C800BE51BA /* TMPImagePickerController.m in Sources */,
			);
			runOnlyForDeploymentPostprocessing = 0;
		};
/* End PBXSourcesBuildPhase section */

/* Begin PBXVariantGroup section */
		ED7381DC1D3F995D00BE51BA /* Main.storyboard */ = {
			isa = PBXVariantGroup;
			children = (
				ED7381DD1D3F995D00BE51BA /* Base */,
			);
			name = Main.storyboard;
			sourceTree = "<group>";
		};
		ED7381E11D3F995D00BE51BA /* LaunchScreen.storyboard */ = {
			isa = PBXVariantGroup;
			children = (
				ED7381E21D3F995D00BE51BA /* Base */,
			);
			name = LaunchScreen.storyboard;
			sourceTree = "<group>";
		};
/* End PBXVariantGroup section */

/* Begin XCBuildConfiguration section */
		ED7381E51D3F995D00BE51BA /* Debug */ = {
			isa = XCBuildConfiguration;
			buildSettings = {
				ALWAYS_SEARCH_USER_PATHS = NO;
				CLANG_ANALYZER_NONNULL = YES;
				CLANG_CXX_LANGUAGE_STANDARD = "gnu++0x";
				CLANG_CXX_LIBRARY = "libc++";
				CLANG_ENABLE_MODULES = YES;
				CLANG_ENABLE_OBJC_ARC = YES;
				CLANG_WARN_BOOL_CONVERSION = YES;
				CLANG_WARN_CONSTANT_CONVERSION = YES;
				CLANG_WARN_DIRECT_OBJC_ISA_USAGE = YES_ERROR;
				CLANG_WARN_EMPTY_BODY = YES;
				CLANG_WARN_ENUM_CONVERSION = YES;
				CLANG_WARN_INT_CONVERSION = YES;
				CLANG_WARN_OBJC_ROOT_CLASS = YES_ERROR;
				CLANG_WARN_UNREACHABLE_CODE = YES;
				CLANG_WARN__DUPLICATE_METHOD_MATCH = YES;
				"CODE_SIGN_IDENTITY[sdk=iphoneos*]" = "iPhone Developer";
				COPY_PHASE_STRIP = NO;
				DEBUG_INFORMATION_FORMAT = dwarf;
				ENABLE_STRICT_OBJC_MSGSEND = YES;
				ENABLE_TESTABILITY = YES;
				GCC_C_LANGUAGE_STANDARD = gnu99;
				GCC_DYNAMIC_NO_PIC = NO;
				GCC_NO_COMMON_BLOCKS = YES;
				GCC_OPTIMIZATION_LEVEL = 0;
				GCC_PREPROCESSOR_DEFINITIONS = (
					"DEBUG=1",
					"$(inherited)",
				);
				GCC_WARN_64_TO_32_BIT_CONVERSION = YES;
				GCC_WARN_ABOUT_RETURN_TYPE = YES_ERROR;
				GCC_WARN_UNDECLARED_SELECTOR = YES;
				GCC_WARN_UNINITIALIZED_AUTOS = YES_AGGRESSIVE;
				GCC_WARN_UNUSED_FUNCTION = YES;
				GCC_WARN_UNUSED_VARIABLE = YES;
				IPHONEOS_DEPLOYMENT_TARGET = 9.3;
				MTL_ENABLE_DEBUG_INFO = YES;
				ONLY_ACTIVE_ARCH = YES;
				SDKROOT = iphoneos;
			};
			name = Debug;
		};
		ED7381E61D3F995D00BE51BA /* Release */ = {
			isa = XCBuildConfiguration;
			buildSettings = {
				ALWAYS_SEARCH_USER_PATHS = NO;
				CLANG_ANALYZER_NONNULL = YES;
				CLANG_CXX_LANGUAGE_STANDARD = "gnu++0x";
				CLANG_CXX_LIBRARY = "libc++";
				CLANG_ENABLE_MODULES = YES;
				CLANG_ENABLE_OBJC_ARC = YES;
				CLANG_WARN_BOOL_CONVERSION = YES;
				CLANG_WARN_CONSTANT_CONVERSION = YES;
				CLANG_WARN_DIRECT_OBJC_ISA_USAGE = YES_ERROR;
				CLANG_WARN_EMPTY_BODY = YES;
				CLANG_WARN_ENUM_CONVERSION = YES;
				CLANG_WARN_INT_CONVERSION = YES;
				CLANG_WARN_OBJC_ROOT_CLASS = YES_ERROR;
				CLANG_WARN_UNREACHABLE_CODE = YES;
				CLANG_WARN__DUPLICATE_METHOD_MATCH = YES;
				"CODE_SIGN_IDENTITY[sdk=iphoneos*]" = "iPhone Developer";
				COPY_PHASE_STRIP = NO;
				DEBUG_INFORMATION_FORMAT = "dwarf-with-dsym";
				ENABLE_NS_ASSERTIONS = NO;
				ENABLE_STRICT_OBJC_MSGSEND = YES;
				GCC_C_LANGUAGE_STANDARD = gnu99;
				GCC_NO_COMMON_BLOCKS = YES;
				GCC_WARN_64_TO_32_BIT_CONVERSION = YES;
				GCC_WARN_ABOUT_RETURN_TYPE = YES_ERROR;
				GCC_WARN_UNDECLARED_SELECTOR = YES;
				GCC_WARN_UNINITIALIZED_AUTOS = YES_AGGRESSIVE;
				GCC_WARN_UNUSED_FUNCTION = YES;
				GCC_WARN_UNUSED_VARIABLE = YES;
				IPHONEOS_DEPLOYMENT_TARGET = 9.3;
				MTL_ENABLE_DEBUG_INFO = NO;
				SDKROOT = iphoneos;
				VALIDATE_PRODUCT = YES;
			};
			name = Release;
		};
		ED7381E81D3F995D00BE51BA /* Debug */ = {
			isa = XCBuildConfiguration;
			baseConfigurationReference = 19DA869EF0E3F15E7716875A /* Pods-TheMenuProject.debug.xcconfig */;
			buildSettings = {
				ASSETCATALOG_COMPILER_APPICON_NAME = AppIcon;
				INFOPLIST_FILE = TheMenuProject/Info.plist;
				IPHONEOS_DEPLOYMENT_TARGET = 9.0;
				LD_RUNPATH_SEARCH_PATHS = "$(inherited) @executable_path/Frameworks";
				PRODUCT_BUNDLE_IDENTIFIER = com.ThePaadamCompany.TheMenuProject;
				PRODUCT_NAME = "$(TARGET_NAME)";
			};
			name = Debug;
		};
		ED7381E91D3F995D00BE51BA /* Release */ = {
			isa = XCBuildConfiguration;
			baseConfigurationReference = 13FD6A15597CDA5BB48C7EF7 /* Pods-TheMenuProject.release.xcconfig */;
			buildSettings = {
				ASSETCATALOG_COMPILER_APPICON_NAME = AppIcon;
				INFOPLIST_FILE = TheMenuProject/Info.plist;
				IPHONEOS_DEPLOYMENT_TARGET = 9.0;
				LD_RUNPATH_SEARCH_PATHS = "$(inherited) @executable_path/Frameworks";
				PRODUCT_BUNDLE_IDENTIFIER = com.ThePaadamCompany.TheMenuProject;
				PRODUCT_NAME = "$(TARGET_NAME)";
			};
			name = Release;
		};
/* End XCBuildConfiguration section */

/* Begin XCConfigurationList section */
		ED7381C81D3F995D00BE51BA /* Build configuration list for PBXProject "TheMenuProject" */ = {
			isa = XCConfigurationList;
			buildConfigurations = (
				ED7381E51D3F995D00BE51BA /* Debug */,
				ED7381E61D3F995D00BE51BA /* Release */,
			);
			defaultConfigurationIsVisible = 0;
			defaultConfigurationName = Release;
		};
		ED7381E71D3F995D00BE51BA /* Build configuration list for PBXNativeTarget "TheMenuProject" */ = {
			isa = XCConfigurationList;
			buildConfigurations = (
				ED7381E81D3F995D00BE51BA /* Debug */,
				ED7381E91D3F995D00BE51BA /* Release */,
			);
			defaultConfigurationIsVisible = 0;
			defaultConfigurationName = Release;
		};
/* End XCConfigurationList section */
	};
	rootObject = ED7381C51D3F995D00BE51BA /* Project object */;
}
